
Microsoft Visual Studio Solution File, Format Version 12.00
# Visual Studio Version 16
VisualStudioVersion = 16.0.30717.126
MinimumVisualStudioVersion = 10.0.40219.1
Project("{2150E333-8FDC-42A3-9474-1A3956D46DE8}") = "src", "src", "{E2240DF1-F38A-4EAE-A429-0C1DE5563817}"
EndProject
Project("{2150E333-8FDC-42A3-9474-1A3956D46DE8}") = "tests", "tests", "{26FEF972-2854-4EB3-B17D-6146D681F162}"
EndProject
Project("{2150E333-8FDC-42A3-9474-1A3956D46DE8}") = "Api", "Api", "{481914A7-B334-4096-9C2E-B94E27267C94}"
EndProject
Project("{2150E333-8FDC-42A3-9474-1A3956D46DE8}") = "ApplicationCore", "ApplicationCore", "{4F00D9EC-FD85-4BA1-BD57-8338253A9F52}"
EndProject
Project("{2150E333-8FDC-42A3-9474-1A3956D46DE8}") = "Infrastructure", "Infrastructure", "{47BFB330-CFC4-431B-9F9F-C6A0BE9E01B5}"
EndProject
Project("{2150E333-8FDC-42A3-9474-1A3956D46DE8}") = "ApplicationCore", "ApplicationCore", "{1DC8D099-56E6-499A-A14B-04F413B6B085}"
EndProject
Project("{9A19103F-16F7-4668-BE54-9A1E7A4F7556}") = "store.API", "src\Api\store.API\store.API.csproj", "{9123F5AF-4EDD-447F-91FB-E38C045CF676}"
EndProject
Project("{9A19103F-16F7-4668-BE54-9A1E7A4F7556}") = "store.Domain", "src\ApplicationCore\store.Domain\store.Domain.csproj", "{C2109045-3EA9-40EA-AF0B-45C38FDBE16C}"
EndProject
Project("{9A19103F-16F7-4668-BE54-9A1E7A4F7556}") = "store.Service", "src\ApplicationCore\store.Service\store.Service.csproj", "{7C14C33F-3294-48F2-BA29-36AAE170419C}"
EndProject
Project("{9A19103F-16F7-4668-BE54-9A1E7A4F7556}") = "store.Domain.UnitTests", "tests\UnitTests\ApplicationCore\store.Domain.UnitTests\store.Domain.UnitTests.csproj", "{51679D67-BD54-460F-B0BE-2AFCB79B51E1}"
EndProject
Project("{9A19103F-16F7-4668-BE54-9A1E7A4F7556}") = "store.Service.UnitTests", "tests\UnitTests\ApplicationCore\store.Service.UnitTests\store.Service.UnitTests.csproj", "{218A689E-B0A7-4076-BA28-1634F890E030}"
EndProject
Project("{9A19103F-16F7-4668-BE54-9A1E7A4F7556}") = "store.DataAccess", "src\Infrastructure\store.DataAccess\store.DataAccess.csproj", "{D194DB44-EC74-46DF-8A72-C2B2674B6F79}"
EndProject
Global
	GlobalSection(SolutionConfigurationPlatforms) = preSolution
		Debug|Any CPU = Debug|Any CPU
		Release|Any CPU = Release|Any CPU
	EndGlobalSection
	GlobalSection(ProjectConfigurationPlatforms) = postSolution
		{9123F5AF-4EDD-447F-91FB-E38C045CF676}.Debug|Any CPU.ActiveCfg = Debug|Any CPU
		{9123F5AF-4EDD-447F-91FB-E38C045CF676}.Debug|Any CPU.Build.0 = Debug|Any CPU
		{9123F5AF-4EDD-447F-91FB-E38C045CF676}.Release|Any CPU.ActiveCfg = Release|Any CPU
		{9123F5AF-4EDD-447F-91FB-E38C045CF676}.Release|Any CPU.Build.0 = Release|Any CPU
		{C2109045-3EA9-40EA-AF0B-45C38FDBE16C}.Debug|Any CPU.ActiveCfg = Debug|Any CPU
		{C2109045-3EA9-40EA-AF0B-45C38FDBE16C}.Debug|Any CPU.Build.0 = Debug|Any CPU
		{C2109045-3EA9-40EA-AF0B-45C38FDBE16C}.Release|Any CPU.ActiveCfg = Release|Any CPU
		{C2109045-3EA9-40EA-AF0B-45C38FDBE16C}.Release|Any CPU.Build.0 = Release|Any CPU
		{7C14C33F-3294-48F2-BA29-36AAE170419C}.Debug|Any CPU.ActiveCfg = Debug|Any CPU
		{7C14C33F-3294-48F2-BA29-36AAE170419C}.Debug|Any CPU.Build.0 = Debug|Any CPU
		{7C14C33F-3294-48F2-BA29-36AAE170419C}.Release|Any CPU.ActiveCfg = Release|Any CPU
		{7C14C33F-3294-48F2-BA29-36AAE170419C}.Release|Any CPU.Build.0 = Release|Any CPU
		{51679D67-BD54-460F-B0BE-2AFCB79B51E1}.Debug|Any CPU.ActiveCfg = Debug|Any CPU
		{51679D67-BD54-460F-B0BE-2AFCB79B51E1}.Debug|Any CPU.Build.0 = Debug|Any CPU
		{51679D67-BD54-460F-B0BE-2AFCB79B51E1}.Release|Any CPU.ActiveCfg = Release|Any CPU
		{51679D67-BD54-460F-B0BE-2AFCB79B51E1}.Release|Any CPU.Build.0 = Release|Any CPU
		{218A689E-B0A7-4076-BA28-1634F890E030}.Debug|Any CPU.ActiveCfg = Debug|Any CPU
		{218A689E-B0A7-4076-BA28-1634F890E030}.Debug|Any CPU.Build.0 = Debug|Any CPU
		{218A689E-B0A7-4076-BA28-1634F890E030}.Release|Any CPU.ActiveCfg = Release|Any CPU
		{218A689E-B0A7-4076-BA28-1634F890E030}.Release|Any CPU.Build.0 = Release|Any CPU
		{D194DB44-EC74-46DF-8A72-C2B2674B6F79}.Debug|Any CPU.ActiveCfg = Debug|Any CPU
		{D194DB44-EC74-46DF-8A72-C2B2674B6F79}.Debug|Any CPU.Build.0 = Debug|Any CPU
		{D194DB44-EC74-46DF-8A72-C2B2674B6F79}.Release|Any CPU.ActiveCfg = Release|Any CPU
		{D194DB44-EC74-46DF-8A72-C2B2674B6F79}.Release|Any CPU.Build.0 = Release|Any CPU
	EndGlobalSection
	GlobalSection(SolutionProperties) = preSolution
		HideSolutionNode = FALSE
	EndGlobalSection
	GlobalSection(NestedProjects) = preSolution
		{481914A7-B334-4096-9C2E-B94E27267C94} = {E2240DF1-F38A-4EAE-A429-0C1DE5563817}
		{4F00D9EC-FD85-4BA1-BD57-8338253A9F52} = {E2240DF1-F38A-4EAE-A429-0C1DE5563817}
		{47BFB330-CFC4-431B-9F9F-C6A0BE9E01B5} = {E2240DF1-F38A-4EAE-A429-0C1DE5563817}
		{1DC8D099-56E6-499A-A14B-04F413B6B085} = {26FEF972-2854-4EB3-B17D-6146D681F162}
		{9123F5AF-4EDD-447F-91FB-E38C045CF676} = {481914A7-B334-4096-9C2E-B94E27267C94}
		{C2109045-3EA9-40EA-AF0B-45C38FDBE16C} = {4F00D9EC-FD85-4BA1-BD57-8338253A9F52}
		{7C14C33F-3294-48F2-BA29-36AAE170419C} = {4F00D9EC-FD85-4BA1-BD57-8338253A9F52}
		{51679D67-BD54-460F-B0BE-2AFCB79B51E1} = {1DC8D099-56E6-499A-A14B-04F413B6B085}
		{218A689E-B0A7-4076-BA28-1634F890E030} = {1DC8D099-56E6-499A-A14B-04F413B6B085}
		{D194DB44-EC74-46DF-8A72-C2B2674B6F79} = {47BFB330-CFC4-431B-9F9F-C6A0BE9E01B5}
	EndGlobalSection
	GlobalSection(ExtensibilityGlobals) = postSolution
		SolutionGuid = {8E19C7EA-CFB7-4E93-8B0F-20B35C52503B}
	EndGlobalSection
EndGlobal
